
Microsoft Visual Studio Solution File, Format Version 12.00
# Visual Studio 15
VisualStudioVersion = 15.0.28307.1062
MinimumVisualStudioVersion = 10.0.40219.1
Project("{FAE04EC0-301F-11D3-BF4B-00C04F79EFBC}") = "POC_SQL_DATA_MOCKER", "POC_SQL_DATA_MOCKER.csproj", "{D220611D-BB1E-40E6-936F-B4E5D67C7972}"
EndProject
Global
	GlobalSection(SolutionConfigurationPlatforms) = preSolution
		Debug|Any CPU = Debug|Any CPU
		Debug|x86 = Debug|x86
		Release|Any CPU = Release|Any CPU
		Release|x86 = Release|x86
	EndGlobalSection
	GlobalSection(ProjectConfigurationPlatforms) = postSolution
		{D220611D-BB1E-40E6-936F-B4E5D67C7972}.Debug|Any CPU.ActiveCfg = Debug|Any CPU
		{D220611D-BB1E-40E6-936F-B4E5D67C7972}.Debug|Any CPU.Build.0 = Debug|Any CPU
		{D220611D-BB1E-40E6-936F-B4E5D67C7972}.Debug|x86.ActiveCfg = Debug|x86
		{D220611D-BB1E-40E6-936F-B4E5D67C7972}.Debug|x86.Build.0 = Debug|x86
		{D220611D-BB1E-40E6-936F-B4E5D67C7972}.Release|Any CPU.ActiveCfg = Release|Any CPU
		{D220611D-BB1E-40E6-936F-B4E5D67C7972}.Release|Any CPU.Build.0 = Release|Any CPU
		{D220611D-BB1E-40E6-936F-B4E5D67C7972}.Release|x86.ActiveCfg = Release|x86
		{D220611D-BB1E-40E6-936F-B4E5D67C7972}.Release|x86.Build.0 = Release|x86
	EndGlobalSection
	GlobalSection(SolutionProperties) = preSolution
		HideSolutionNode = FALSE
	EndGlobalSection
	GlobalSection(ExtensibilityGlobals) = postSolution
		SolutionGuid = {27C7C1AF-03B5-4E90-882F-55D1010F6D2D}
	EndGlobalSection
EndGlobal
